Microsoft Visual Studio Solution File, Format Version 12.00
# Visual Studio 2012
Project("{FAE04EC0-301F-11D3-BF4B-00C04F79EFBC}") = "Template", "Template.csproj", "{FEABC61F-15C5-4841-AEBD-4B8923872ADE}"
EndProject
Global
	GlobalSection(SolutionConfigurationPlatforms) = preSolution
	Debug|Any CPU = Debug|Any CPU
	ExportDebug|Any CPU = ExportDebug|Any CPU
	ExportRelease|Any CPU = ExportRelease|Any CPU
	EndGlobalSection
	GlobalSection(ProjectConfigurationPlatforms) = postSolution
		{FEABC61F-15C5-4841-AEBD-4B8923872ADE}.Debug|Any CPU.ActiveCfg = Debug|Any CPU
		{FEABC61F-15C5-4841-AEBD-4B8923872ADE}.Debug|Any CPU.Build.0 = Debug|Any CPU
		{FEABC61F-15C5-4841-AEBD-4B8923872ADE}.ExportDebug|Any CPU.ActiveCfg = ExportDebug|Any CPU
		{FEABC61F-15C5-4841-AEBD-4B8923872ADE}.ExportDebug|Any CPU.Build.0 = ExportDebug|Any CPU
		{FEABC61F-15C5-4841-AEBD-4B8923872ADE}.ExportRelease|Any CPU.ActiveCfg = ExportRelease|Any CPU
		{FEABC61F-15C5-4841-AEBD-4B8923872ADE}.ExportRelease|Any CPU.Build.0 = ExportRelease|Any CPU
	EndGlobalSection
EndGlobal
